
Microsoft Visual Studio Solution File, Format Version 12.00
# Visual Studio Version 17
VisualStudioVersion = 17.14.36203.30
MinimumVisualStudioVersion = 10.0.40219.1
Project("{FAE04EC0-301F-11D3-BF4B-00C04F79EFBC}") = "PMDashboard.Api", "PMDashboard.Api.csproj", "{EFA9E7BB-3EAC-4924-8B60-5558B7BB730C}"
EndProject
Project("{FAE04EC0-301F-11D3-BF4B-00C04F79EFBC}") = "PMDashboard.Common", "..\PMDashboard.Common\PMDashboard.Common.csproj", "{E041300A-EBFE-44C8-A3DF-9059AE84D0A7}"
EndProject
Project("{FAE04EC0-301F-11D3-BF4B-00C04F79EFBC}") = "PMDashboard.Tests", "..\PMDashboard.Tests\PMDashboard.Tests.csproj", "{83F6A6D8-94D6-4453-A2DF-88249C4FB08E}"
	ProjectSection(ProjectDependencies) = postProject
		{E041300A-EBFE-44C8-A3DF-9059AE84D0A7} = {E041300A-EBFE-44C8-A3DF-9059AE84D0A7}
		{EFA9E7BB-3EAC-4924-8B60-5558B7BB730C} = {EFA9E7BB-3EAC-4924-8B60-5558B7BB730C}
	EndProjectSection
EndProject
Global
	GlobalSection(SolutionConfigurationPlatforms) = preSolution
		Debug|Any CPU = Debug|Any CPU
		Release|Any CPU = Release|Any CPU
	EndGlobalSection
	GlobalSection(ProjectConfigurationPlatforms) = postSolution
		{EFA9E7BB-3EAC-4924-8B60-5558B7BB730C}.Debug|Any CPU.ActiveCfg = Debug|Any CPU
		{EFA9E7BB-3EAC-4924-8B60-5558B7BB730C}.Debug|Any CPU.Build.0 = Debug|Any CPU
		{EFA9E7BB-3EAC-4924-8B60-5558B7BB730C}.Release|Any CPU.ActiveCfg = Release|Any CPU
		{EFA9E7BB-3EAC-4924-8B60-5558B7BB730C}.Release|Any CPU.Build.0 = Release|Any CPU
		{E041300A-EBFE-44C8-A3DF-9059AE84D0A7}.Debug|Any CPU.ActiveCfg = Debug|Any CPU
		{E041300A-EBFE-44C8-A3DF-9059AE84D0A7}.Debug|Any CPU.Build.0 = Debug|Any CPU
		{E041300A-EBFE-44C8-A3DF-9059AE84D0A7}.Release|Any CPU.ActiveCfg = Release|Any CPU
		{E041300A-EBFE-44C8-A3DF-9059AE84D0A7}.Release|Any CPU.Build.0 = Release|Any CPU
		{83F6A6D8-94D6-4453-A2DF-88249C4FB08E}.Debug|Any CPU.ActiveCfg = Debug|Any CPU
		{83F6A6D8-94D6-4453-A2DF-88249C4FB08E}.Debug|Any CPU.Build.0 = Debug|Any CPU
		{83F6A6D8-94D6-4453-A2DF-88249C4FB08E}.Release|Any CPU.ActiveCfg = Release|Any CPU
		{83F6A6D8-94D6-4453-A2DF-88249C4FB08E}.Release|Any CPU.Build.0 = Release|Any CPU
	EndGlobalSection
	GlobalSection(SolutionProperties) = preSolution
		HideSolutionNode = FALSE
	EndGlobalSection
	GlobalSection(ExtensibilityGlobals) = postSolution
		SolutionGuid = {6F9AFFA6-24C9-4C01-BD8B-36827B541C09}
	EndGlobalSection
EndGlobal
